
Microsoft Visual Studio Solution File, Format Version 12.00
# Visual Studio Version 17
VisualStudioVersion = 17.11.35327.3
MinimumVisualStudioVersion = 10.0.40219.1
Project("{FAE04EC0-301F-11D3-BF4B-00C04F79EFBC}") = "APW2.Web", "APW2.Web\APW2.Web.csproj", "{D9E2A806-797C-491B-ABE9-DA2C7C4F2391}"
EndProject
Project("{FAE04EC0-301F-11D3-BF4B-00C04F79EFBC}") = "APW2.Data", "APW2.Data\APW2.Data.csproj", "{B23B8893-5559-4787-89DF-2C3E575FF0E4}"
EndProject
Project("{FAE04EC0-301F-11D3-BF4B-00C04F79EFBC}") = "APW2.Service", "APW2.Service\APW2.Service.csproj", "{24D4452C-04D4-448C-A252-DD294E8ED45A}"
EndProject
Global
	GlobalSection(SolutionConfigurationPlatforms) = preSolution
		Debug|Any CPU = Debug|Any CPU
		Release|Any CPU = Release|Any CPU
	EndGlobalSection
	GlobalSection(ProjectConfigurationPlatforms) = postSolution
		{D9E2A806-797C-491B-ABE9-DA2C7C4F2391}.Debug|Any CPU.ActiveCfg = Debug|Any CPU
		{D9E2A806-797C-491B-ABE9-DA2C7C4F2391}.Debug|Any CPU.Build.0 = Debug|Any CPU
		{D9E2A806-797C-491B-ABE9-DA2C7C4F2391}.Release|Any CPU.ActiveCfg = Release|Any CPU
		{D9E2A806-797C-491B-ABE9-DA2C7C4F2391}.Release|Any CPU.Build.0 = Release|Any CPU
		{B23B8893-5559-4787-89DF-2C3E575FF0E4}.Debug|Any CPU.ActiveCfg = Debug|Any CPU
		{B23B8893-5559-4787-89DF-2C3E575FF0E4}.Debug|Any CPU.Build.0 = Debug|Any CPU
		{B23B8893-5559-4787-89DF-2C3E575FF0E4}.Release|Any CPU.ActiveCfg = Release|Any CPU
		{B23B8893-5559-4787-89DF-2C3E575FF0E4}.Release|Any CPU.Build.0 = Release|Any CPU
		{24D4452C-04D4-448C-A252-DD294E8ED45A}.Debug|Any CPU.ActiveCfg = Debug|Any CPU
		{24D4452C-04D4-448C-A252-DD294E8ED45A}.Debug|Any CPU.Build.0 = Debug|Any CPU
		{24D4452C-04D4-448C-A252-DD294E8ED45A}.Release|Any CPU.ActiveCfg = Release|Any CPU
		{24D4452C-04D4-448C-A252-DD294E8ED45A}.Release|Any CPU.Build.0 = Release|Any CPU
	EndGlobalSection
	GlobalSection(SolutionProperties) = preSolution
		HideSolutionNode = FALSE
	EndGlobalSection
	GlobalSection(ExtensibilityGlobals) = postSolution
		SolutionGuid = {CAB36D15-95A7-458D-B709-63B5F95E8265}
	EndGlobalSection
EndGlobal
